
Microsoft Visual Studio Solution File, Format Version 12.00
# Visual Studio Version 16
VisualStudioVersion = 16.0.31624.102
MinimumVisualStudioVersion = 10.0.40219.1
Project("{FAE04EC0-301F-11D3-BF4B-00C04F79EFBC}") = "ConsoleApp1", "ConsoleApp1\ConsoleApp1.csproj", "{8999A1AB-72A8-4B95-8135-8DE12B821B79}"
EndProject
Project("{FAE04EC0-301F-11D3-BF4B-00C04F79EFBC}") = "ConsoleApp2", "ConsoleApp2\ConsoleApp2.csproj", "{ABE050B2-2305-4F9E-9B82-BCD36D3366D0}"
EndProject
Project("{FAE04EC0-301F-11D3-BF4B-00C04F79EFBC}") = "ConsoleApp3", "ConsoleApp3\ConsoleApp3.csproj", "{C214A01E-2D68-46B6-8371-0B2D7DFDA3C0}"
EndProject
Project("{FAE04EC0-301F-11D3-BF4B-00C04F79EFBC}") = "ConsoleApp4", "ConsoleApp4\ConsoleApp4.csproj", "{50EF5834-4721-4515-A9B2-EB86FE38BD55}"
EndProject
Project("{FAE04EC0-301F-11D3-BF4B-00C04F79EFBC}") = "ConsoleApp5", "ConsoleApp5\ConsoleApp5.csproj", "{A82DB9C1-10A6-4957-941E-26DC5B3684D8}"
EndProject
Global
	GlobalSection(SolutionConfigurationPlatforms) = preSolution
		Debug|Any CPU = Debug|Any CPU
		Release|Any CPU = Release|Any CPU
	EndGlobalSection
	GlobalSection(ProjectConfigurationPlatforms) = postSolution
		{8999A1AB-72A8-4B95-8135-8DE12B821B79}.Debug|Any CPU.ActiveCfg = Debug|Any CPU
		{8999A1AB-72A8-4B95-8135-8DE12B821B79}.Debug|Any CPU.Build.0 = Debug|Any CPU
		{8999A1AB-72A8-4B95-8135-8DE12B821B79}.Release|Any CPU.ActiveCfg = Release|Any CPU
		{8999A1AB-72A8-4B95-8135-8DE12B821B79}.Release|Any CPU.Build.0 = Release|Any CPU
		{ABE050B2-2305-4F9E-9B82-BCD36D3366D0}.Debug|Any CPU.ActiveCfg = Debug|Any CPU
		{ABE050B2-2305-4F9E-9B82-BCD36D3366D0}.Debug|Any CPU.Build.0 = Debug|Any CPU
		{ABE050B2-2305-4F9E-9B82-BCD36D3366D0}.Release|Any CPU.ActiveCfg = Release|Any CPU
		{ABE050B2-2305-4F9E-9B82-BCD36D3366D0}.Release|Any CPU.Build.0 = Release|Any CPU
		{C214A01E-2D68-46B6-8371-0B2D7DFDA3C0}.Debug|Any CPU.ActiveCfg = Debug|Any CPU
		{C214A01E-2D68-46B6-8371-0B2D7DFDA3C0}.Debug|Any CPU.Build.0 = Debug|Any CPU
		{C214A01E-2D68-46B6-8371-0B2D7DFDA3C0}.Release|Any CPU.ActiveCfg = Release|Any CPU
		{C214A01E-2D68-46B6-8371-0B2D7DFDA3C0}.Release|Any CPU.Build.0 = Release|Any CPU
		{50EF5834-4721-4515-A9B2-EB86FE38BD55}.Debug|Any CPU.ActiveCfg = Debug|Any CPU
		{50EF5834-4721-4515-A9B2-EB86FE38BD55}.Debug|Any CPU.Build.0 = Debug|Any CPU
		{50EF5834-4721-4515-A9B2-EB86FE38BD55}.Release|Any CPU.ActiveCfg = Release|Any CPU
		{50EF5834-4721-4515-A9B2-EB86FE38BD55}.Release|Any CPU.Build.0 = Release|Any CPU
		{A82DB9C1-10A6-4957-941E-26DC5B3684D8}.Debug|Any CPU.ActiveCfg = Debug|Any CPU
		{A82DB9C1-10A6-4957-941E-26DC5B3684D8}.Debug|Any CPU.Build.0 = Debug|Any CPU
		{A82DB9C1-10A6-4957-941E-26DC5B3684D8}.Release|Any CPU.ActiveCfg = Release|Any CPU
		{A82DB9C1-10A6-4957-941E-26DC5B3684D8}.Release|Any CPU.Build.0 = Release|Any CPU
	EndGlobalSection
	GlobalSection(SolutionProperties) = preSolution
		HideSolutionNode = FALSE
	EndGlobalSection
	GlobalSection(ExtensibilityGlobals) = postSolution
		SolutionGuid = {D9F7CA4B-3963-4059-A92A-FD543146062C}
	EndGlobalSection
EndGlobal
